
Microsoft Visual Studio Solution File, Format Version 12.00
# Visual Studio Version 17
VisualStudioVersion = 17.7.34031.279
MinimumVisualStudioVersion = 10.0.40219.1
Project("{FAE04EC0-301F-11D3-BF4B-00C04F79EFBC}") = "EquipmentSYS", "EquipmentSYS\EquipmentSYS.csproj", "{E725C7D2-F5BB-484D-A0CE-DEAAE876B87E}"
EndProject
Global
	GlobalSection(SolutionConfigurationPlatforms) = preSolution
		Debug|Any CPU = Debug|Any CPU
		Release|Any CPU = Release|Any CPU
	EndGlobalSection
	GlobalSection(ProjectConfigurationPlatforms) = postSolution
		{E725C7D2-F5BB-484D-A0CE-DEAAE876B87E}.Debug|Any CPU.ActiveCfg = Debug|Any CPU
		{E725C7D2-F5BB-484D-A0CE-DEAAE876B87E}.Debug|Any CPU.Build.0 = Debug|Any CPU
		{E725C7D2-F5BB-484D-A0CE-DEAAE876B87E}.Release|Any CPU.ActiveCfg = Release|Any CPU
		{E725C7D2-F5BB-484D-A0CE-DEAAE876B87E}.Release|Any CPU.Build.0 = Release|Any CPU
	EndGlobalSection
	GlobalSection(SolutionProperties) = preSolution
		HideSolutionNode = FALSE
	EndGlobalSection
	GlobalSection(ExtensibilityGlobals) = postSolution
		SolutionGuid = {7524C471-072E-4002-8D25-75253E9D629A}
	EndGlobalSection
EndGlobal
